
Microsoft Visual Studio Solution File, Format Version 12.00
# Visual Studio Version 17
VisualStudioVersion = 17.9.34622.214
MinimumVisualStudioVersion = 10.0.40219.1
Project("{FAE04EC0-301F-11D3-BF4B-00C04F79EFBC}") = "AtlegangStudyGroup", "AtlegangStudyGroup\AtlegangStudyGroup.csproj", "{9885821E-1BB5-423B-8883-EB554BEDA483}"
EndProject
Global
	GlobalSection(SolutionConfigurationPlatforms) = preSolution
		Debug|Any CPU = Debug|Any CPU
		Release|Any CPU = Release|Any CPU
	EndGlobalSection
	GlobalSection(ProjectConfigurationPlatforms) = postSolution
		{9885821E-1BB5-423B-8883-EB554BEDA483}.Debug|Any CPU.ActiveCfg = Debug|Any CPU
		{9885821E-1BB5-423B-8883-EB554BEDA483}.Debug|Any CPU.Build.0 = Debug|Any CPU
		{9885821E-1BB5-423B-8883-EB554BEDA483}.Release|Any CPU.ActiveCfg = Release|Any CPU
		{9885821E-1BB5-423B-8883-EB554BEDA483}.Release|Any CPU.Build.0 = Release|Any CPU
	EndGlobalSection
	GlobalSection(SolutionProperties) = preSolution
		HideSolutionNode = FALSE
	EndGlobalSection
	GlobalSection(ExtensibilityGlobals) = postSolution
		SolutionGuid = {276DE990-D650-41F2-8C72-D8EB440090EC}
	EndGlobalSection
EndGlobal
